
Microsoft Visual Studio Solution File, Format Version 12.00
# Visual Studio Version 17
VisualStudioVersion = 17.13.35931.197
MinimumVisualStudioVersion = 10.0.40219.1
Project("{FAE04EC0-301F-11D3-BF4B-00C04F79EFBC}") = "InventorThumbnailAddin", "InventorThumbnailAddin.csproj", "{1835876B-20F9-4AE6-9E4F-C81B85203B6C}"
EndProject
Project("{FAE04EC0-301F-11D3-BF4B-00C04F79EFBC}") = "InventorAddinTest", "..\InventorAddinTest\InventorAddinTest.csproj", "{6EEB29D1-A97B-4E85-B351-1690E647F42D}"
EndProject
Global
	GlobalSection(SolutionConfigurationPlatforms) = preSolution
		Debug|Any CPU = Debug|Any CPU
		Release|Any CPU = Release|Any CPU
	EndGlobalSection
	GlobalSection(ProjectConfigurationPlatforms) = postSolution
		{1835876B-20F9-4AE6-9E4F-C81B85203B6C}.Debug|Any CPU.ActiveCfg = Debug|Any CPU
		{1835876B-20F9-4AE6-9E4F-C81B85203B6C}.Debug|Any CPU.Build.0 = Debug|Any CPU
		{1835876B-20F9-4AE6-9E4F-C81B85203B6C}.Release|Any CPU.ActiveCfg = Release|Any CPU
		{1835876B-20F9-4AE6-9E4F-C81B85203B6C}.Release|Any CPU.Build.0 = Release|Any CPU
		{6EEB29D1-A97B-4E85-B351-1690E647F42D}.Debug|Any CPU.ActiveCfg = Debug|Any CPU
		{6EEB29D1-A97B-4E85-B351-1690E647F42D}.Debug|Any CPU.Build.0 = Debug|Any CPU
		{6EEB29D1-A97B-4E85-B351-1690E647F42D}.Release|Any CPU.ActiveCfg = Release|Any CPU
		{6EEB29D1-A97B-4E85-B351-1690E647F42D}.Release|Any CPU.Build.0 = Release|Any CPU
	EndGlobalSection
	GlobalSection(SolutionProperties) = preSolution
		HideSolutionNode = FALSE
	EndGlobalSection
	GlobalSection(ExtensibilityGlobals) = postSolution
		SolutionGuid = {C6F1D047-0C68-44F7-9FE0-FA09E8F1176B}
	EndGlobalSection
EndGlobal
